# This file is automatically @generated by Cargo.
# It is not intended for manual editing.
version = 3

[[package]]
name = "dynamic-matrix"
version = "0.1.1"
source = "registry+https://github.com/rust-lang/crates.io-index"
checksum = "c0ecf13e415b6ba5b4c9878791f583b01d739b44898804409b50974a0a0aca12"

[[package]]
name = "matrix-calculator"
version = "0.1.0"
dependencies = [
 "dynamic-matrix",
]
